
Microsoft Visual Studio Solution File, Format Version 12.00
# Visual Studio Version 17
VisualStudioVersion = 17.2.32516.85
MinimumVisualStudioVersion = 10.0.40219.1
Project("{FAE04EC0-301F-11D3-BF4B-00C04F79EFBC}") = "MertBayraktar.Homeworks.Week2.2", "MertBayraktar.Homeworks.Week2.2\MertBayraktar.Homeworks.Week2.2.csproj", "{B57AA772-397F-4520-BD17-24D3E0E9B943}"
EndProject
Global
	GlobalSection(SolutionConfigurationPlatforms) = preSolution
		Debug|Any CPU = Debug|Any CPU
		Release|Any CPU = Release|Any CPU
	EndGlobalSection
	GlobalSection(ProjectConfigurationPlatforms) = postSolution
		{B57AA772-397F-4520-BD17-24D3E0E9B943}.Debug|Any CPU.ActiveCfg = Debug|Any CPU
		{B57AA772-397F-4520-BD17-24D3E0E9B943}.Debug|Any CPU.Build.0 = Debug|Any CPU
		{B57AA772-397F-4520-BD17-24D3E0E9B943}.Release|Any CPU.ActiveCfg = Release|Any CPU
		{B57AA772-397F-4520-BD17-24D3E0E9B943}.Release|Any CPU.Build.0 = Release|Any CPU
	EndGlobalSection
	GlobalSection(SolutionProperties) = preSolution
		HideSolutionNode = FALSE
	EndGlobalSection
	GlobalSection(ExtensibilityGlobals) = postSolution
		SolutionGuid = {E48F9983-DEDE-44C6-9496-698A7F7A49B9}
	EndGlobalSection
EndGlobal
